
Microsoft Visual Studio Solution File, Format Version 12.00
# Visual Studio Version 17
VisualStudioVersion = 17.8.34330.188
MinimumVisualStudioVersion = 10.0.40219.1
Project("{FAE04EC0-301F-11D3-BF4B-00C04F79EFBC}") = "DependecyInjection2", "DependecyInjection2.csproj", "{266EFCA8-6383-49D9-A29C-E60614F871F9}"
EndProject
Global
	GlobalSection(SolutionConfigurationPlatforms) = preSolution
		Debug|Any CPU = Debug|Any CPU
		Release|Any CPU = Release|Any CPU
	EndGlobalSection
	GlobalSection(ProjectConfigurationPlatforms) = postSolution
		{266EFCA8-6383-49D9-A29C-E60614F871F9}.Debug|Any CPU.ActiveCfg = Debug|Any CPU
		{266EFCA8-6383-49D9-A29C-E60614F871F9}.Debug|Any CPU.Build.0 = Debug|Any CPU
		{266EFCA8-6383-49D9-A29C-E60614F871F9}.Release|Any CPU.ActiveCfg = Release|Any CPU
		{266EFCA8-6383-49D9-A29C-E60614F871F9}.Release|Any CPU.Build.0 = Release|Any CPU
	EndGlobalSection
	GlobalSection(SolutionProperties) = preSolution
		HideSolutionNode = FALSE
	EndGlobalSection
	GlobalSection(ExtensibilityGlobals) = postSolution
		SolutionGuid = {EDF74E2F-0B9E-4FFC-B0D2-65FB38550BF9}
	EndGlobalSection
EndGlobal
